
Microsoft Visual Studio Solution File, Format Version 12.00
# Visual Studio Version 17
VisualStudioVersion = 17.11.35208.52
MinimumVisualStudioVersion = 10.0.40219.1
Project("{8BC9CEB8-8B4A-11D0-8D11-00A0C91BC942}") = "Lab_6.1.rec", "Lab_6.1.rec\Lab_6.1.rec.vcxproj", "{E3C76E61-B427-440B-8B1B-8B221E0BA376}"
EndProject
Project("{8BC9CEB8-8B4A-11D0-8D11-00A0C91BC942}") = "UnitTest1", "UnitTest1\UnitTest1.vcxproj", "{F4D5EB9A-6DC4-405A-A28B-20AE47E556ED}"
EndProject
Global
	GlobalSection(SolutionConfigurationPlatforms) = preSolution
		Debug|x64 = Debug|x64
		Debug|x86 = Debug|x86
		Release|x64 = Release|x64
		Release|x86 = Release|x86
	EndGlobalSection
	GlobalSection(ProjectConfigurationPlatforms) = postSolution
		{E3C76E61-B427-440B-8B1B-8B221E0BA376}.Debug|x64.ActiveCfg = Debug|x64
		{E3C76E61-B427-440B-8B1B-8B221E0BA376}.Debug|x64.Build.0 = Debug|x64
		{E3C76E61-B427-440B-8B1B-8B221E0BA376}.Debug|x86.ActiveCfg = Debug|Win32
		{E3C76E61-B427-440B-8B1B-8B221E0BA376}.Debug|x86.Build.0 = Debug|Win32
		{E3C76E61-B427-440B-8B1B-8B221E0BA376}.Release|x64.ActiveCfg = Release|x64
		{E3C76E61-B427-440B-8B1B-8B221E0BA376}.Release|x64.Build.0 = Release|x64
		{E3C76E61-B427-440B-8B1B-8B221E0BA376}.Release|x86.ActiveCfg = Release|Win32
		{E3C76E61-B427-440B-8B1B-8B221E0BA376}.Release|x86.Build.0 = Release|Win32
		{F4D5EB9A-6DC4-405A-A28B-20AE47E556ED}.Debug|x64.ActiveCfg = Debug|x64
		{F4D5EB9A-6DC4-405A-A28B-20AE47E556ED}.Debug|x64.Build.0 = Debug|x64
		{F4D5EB9A-6DC4-405A-A28B-20AE47E556ED}.Debug|x86.ActiveCfg = Debug|Win32
		{F4D5EB9A-6DC4-405A-A28B-20AE47E556ED}.Debug|x86.Build.0 = Debug|Win32
		{F4D5EB9A-6DC4-405A-A28B-20AE47E556ED}.Release|x64.ActiveCfg = Release|x64
		{F4D5EB9A-6DC4-405A-A28B-20AE47E556ED}.Release|x64.Build.0 = Release|x64
		{F4D5EB9A-6DC4-405A-A28B-20AE47E556ED}.Release|x86.ActiveCfg = Release|Win32
		{F4D5EB9A-6DC4-405A-A28B-20AE47E556ED}.Release|x86.Build.0 = Release|Win32
	EndGlobalSection
	GlobalSection(SolutionProperties) = preSolution
		HideSolutionNode = FALSE
	EndGlobalSection
	GlobalSection(ExtensibilityGlobals) = postSolution
		SolutionGuid = {645A9E0E-2052-4673-BB22-C14C6D5E6168}
	EndGlobalSection
EndGlobal
